
Microsoft Visual Studio Solution File, Format Version 12.00
# Visual Studio Version 17
VisualStudioVersion = 17.0.31903.59
MinimumVisualStudioVersion = 10.0.40219.1
Project("{2150E333-8FDC-42A3-9474-1A3956D46DE8}") = "src", "src", "{3E320B7A-FF05-4852-9D28-A54AC714B639}"
EndProject
Project("{2150E333-8FDC-42A3-9474-1A3956D46DE8}") = "app", "app", "{0620BFCA-F6C8-4E00-8090-FD752F67EB29}"
EndProject
Project("{9A19103F-16F7-4668-BE54-9A1E7A4F7556}") = "Ziply.API", "src\app\Ziply.API\Ziply.API.csproj", "{319A60C1-B61E-4055-BB06-FD62EA2E97D3}"
EndProject
Project("{9A19103F-16F7-4668-BE54-9A1E7A4F7556}") = "Ziply.Application", "src\app\Ziply.Application\Ziply.Application.csproj", "{CBE02370-1158-4682-9F29-4DAD8B4357E8}"
EndProject
Project("{9A19103F-16F7-4668-BE54-9A1E7A4F7556}") = "Ziply.Infrastructure", "src\app\Ziply.Infrastructure\Ziply.Infrastructure.csproj", "{A1F84EDF-8352-4752-926C-8FFB652FC9CC}"
EndProject
Project("{2150E333-8FDC-42A3-9474-1A3956D46DE8}") = "services", "services", "{B2A47BD7-58E8-4898-B0D1-0E00EBEE8070}"
EndProject
Project("{9A19103F-16F7-4668-BE54-9A1E7A4F7556}") = "Ziply.AuthService", "src\services\Ziply.AuthService\Ziply.AuthService.csproj", "{CC5A4C7A-8530-4CE2-9421-2DB5952BF86C}"
EndProject
Project("{9A19103F-16F7-4668-BE54-9A1E7A4F7556}") = "Ziply.CacheService", "src\services\Ziply.CacheService\Ziply.CacheService.csproj", "{23AA6B57-6ACF-43CD-A518-63FE46557A88}"
EndProject
Project("{9A19103F-16F7-4668-BE54-9A1E7A4F7556}") = "Ziply.EmailService", "src\services\Ziply.EmailService\Ziply.EmailService.csproj", "{DBA27489-6780-4D5C-BF12-7F30696591E4}"
EndProject
Project("{9A19103F-16F7-4668-BE54-9A1E7A4F7556}") = "Ziply.LoggerService", "src\services\Ziply.LoggerService\Ziply.LoggerService.csproj", "{F6E80B0D-2CC4-4823-A210-C9B185C564C6}"
EndProject
Project("{2150E333-8FDC-42A3-9474-1A3956D46DE8}") = "shared", "shared", "{D102E4EB-C294-4882-A8DD-C1FF74BE07F1}"
EndProject
Project("{9A19103F-16F7-4668-BE54-9A1E7A4F7556}") = "Ziply.Shared", "src\shared\Ziply.Shared\Ziply.Shared.csproj", "{4320D7C3-127A-4596-932C-1DCC62E22C43}"
EndProject
Project("{FAE04EC0-301F-11D3-BF4B-00C04F79EFBC}") = "Ziply.Domain", "src\app\Ziply.Domain\Ziply.Domain\Ziply.Domain.csproj", "{83ADCDDF-A773-49F8-A6F0-F19CC61FCD25}"
EndProject
Global
	GlobalSection(SolutionConfigurationPlatforms) = preSolution
		Debug|Any CPU = Debug|Any CPU
		Release|Any CPU = Release|Any CPU
	EndGlobalSection
	GlobalSection(ProjectConfigurationPlatforms) = postSolution
		{319A60C1-B61E-4055-BB06-FD62EA2E97D3}.Debug|Any CPU.ActiveCfg = Debug|Any CPU
		{319A60C1-B61E-4055-BB06-FD62EA2E97D3}.Debug|Any CPU.Build.0 = Debug|Any CPU
		{319A60C1-B61E-4055-BB06-FD62EA2E97D3}.Release|Any CPU.ActiveCfg = Release|Any CPU
		{319A60C1-B61E-4055-BB06-FD62EA2E97D3}.Release|Any CPU.Build.0 = Release|Any CPU
		{CBE02370-1158-4682-9F29-4DAD8B4357E8}.Debug|Any CPU.ActiveCfg = Debug|Any CPU
		{CBE02370-1158-4682-9F29-4DAD8B4357E8}.Debug|Any CPU.Build.0 = Debug|Any CPU
		{CBE02370-1158-4682-9F29-4DAD8B4357E8}.Release|Any CPU.ActiveCfg = Release|Any CPU
		{CBE02370-1158-4682-9F29-4DAD8B4357E8}.Release|Any CPU.Build.0 = Release|Any CPU
		{A1F84EDF-8352-4752-926C-8FFB652FC9CC}.Debug|Any CPU.ActiveCfg = Debug|Any CPU
		{A1F84EDF-8352-4752-926C-8FFB652FC9CC}.Debug|Any CPU.Build.0 = Debug|Any CPU
		{A1F84EDF-8352-4752-926C-8FFB652FC9CC}.Release|Any CPU.ActiveCfg = Release|Any CPU
		{A1F84EDF-8352-4752-926C-8FFB652FC9CC}.Release|Any CPU.Build.0 = Release|Any CPU
		{CC5A4C7A-8530-4CE2-9421-2DB5952BF86C}.Debug|Any CPU.ActiveCfg = Debug|Any CPU
		{CC5A4C7A-8530-4CE2-9421-2DB5952BF86C}.Debug|Any CPU.Build.0 = Debug|Any CPU
		{CC5A4C7A-8530-4CE2-9421-2DB5952BF86C}.Release|Any CPU.ActiveCfg = Release|Any CPU
		{CC5A4C7A-8530-4CE2-9421-2DB5952BF86C}.Release|Any CPU.Build.0 = Release|Any CPU
		{23AA6B57-6ACF-43CD-A518-63FE46557A88}.Debug|Any CPU.ActiveCfg = Debug|Any CPU
		{23AA6B57-6ACF-43CD-A518-63FE46557A88}.Debug|Any CPU.Build.0 = Debug|Any CPU
		{23AA6B57-6ACF-43CD-A518-63FE46557A88}.Release|Any CPU.ActiveCfg = Release|Any CPU
		{23AA6B57-6ACF-43CD-A518-63FE46557A88}.Release|Any CPU.Build.0 = Release|Any CPU
		{DBA27489-6780-4D5C-BF12-7F30696591E4}.Debug|Any CPU.ActiveCfg = Debug|Any CPU
		{DBA27489-6780-4D5C-BF12-7F30696591E4}.Debug|Any CPU.Build.0 = Debug|Any CPU
		{DBA27489-6780-4D5C-BF12-7F30696591E4}.Release|Any CPU.ActiveCfg = Release|Any CPU
		{DBA27489-6780-4D5C-BF12-7F30696591E4}.Release|Any CPU.Build.0 = Release|Any CPU
		{F6E80B0D-2CC4-4823-A210-C9B185C564C6}.Debug|Any CPU.ActiveCfg = Debug|Any CPU
		{F6E80B0D-2CC4-4823-A210-C9B185C564C6}.Debug|Any CPU.Build.0 = Debug|Any CPU
		{F6E80B0D-2CC4-4823-A210-C9B185C564C6}.Release|Any CPU.ActiveCfg = Release|Any CPU
		{F6E80B0D-2CC4-4823-A210-C9B185C564C6}.Release|Any CPU.Build.0 = Release|Any CPU
		{4320D7C3-127A-4596-932C-1DCC62E22C43}.Debug|Any CPU.ActiveCfg = Debug|Any CPU
		{4320D7C3-127A-4596-932C-1DCC62E22C43}.Debug|Any CPU.Build.0 = Debug|Any CPU
		{4320D7C3-127A-4596-932C-1DCC62E22C43}.Release|Any CPU.ActiveCfg = Release|Any CPU
		{4320D7C3-127A-4596-932C-1DCC62E22C43}.Release|Any CPU.Build.0 = Release|Any CPU
		{83ADCDDF-A773-49F8-A6F0-F19CC61FCD25}.Debug|Any CPU.ActiveCfg = Debug|Any CPU
		{83ADCDDF-A773-49F8-A6F0-F19CC61FCD25}.Debug|Any CPU.Build.0 = Debug|Any CPU
		{83ADCDDF-A773-49F8-A6F0-F19CC61FCD25}.Release|Any CPU.ActiveCfg = Release|Any CPU
		{83ADCDDF-A773-49F8-A6F0-F19CC61FCD25}.Release|Any CPU.Build.0 = Release|Any CPU
	EndGlobalSection
	GlobalSection(SolutionProperties) = preSolution
		HideSolutionNode = FALSE
	EndGlobalSection
	GlobalSection(NestedProjects) = preSolution
		{0620BFCA-F6C8-4E00-8090-FD752F67EB29} = {3E320B7A-FF05-4852-9D28-A54AC714B639}
		{319A60C1-B61E-4055-BB06-FD62EA2E97D3} = {0620BFCA-F6C8-4E00-8090-FD752F67EB29}
		{CBE02370-1158-4682-9F29-4DAD8B4357E8} = {0620BFCA-F6C8-4E00-8090-FD752F67EB29}
		{A1F84EDF-8352-4752-926C-8FFB652FC9CC} = {0620BFCA-F6C8-4E00-8090-FD752F67EB29}
		{B2A47BD7-58E8-4898-B0D1-0E00EBEE8070} = {3E320B7A-FF05-4852-9D28-A54AC714B639}
		{CC5A4C7A-8530-4CE2-9421-2DB5952BF86C} = {B2A47BD7-58E8-4898-B0D1-0E00EBEE8070}
		{23AA6B57-6ACF-43CD-A518-63FE46557A88} = {B2A47BD7-58E8-4898-B0D1-0E00EBEE8070}
		{DBA27489-6780-4D5C-BF12-7F30696591E4} = {B2A47BD7-58E8-4898-B0D1-0E00EBEE8070}
		{F6E80B0D-2CC4-4823-A210-C9B185C564C6} = {B2A47BD7-58E8-4898-B0D1-0E00EBEE8070}
		{D102E4EB-C294-4882-A8DD-C1FF74BE07F1} = {3E320B7A-FF05-4852-9D28-A54AC714B639}
		{4320D7C3-127A-4596-932C-1DCC62E22C43} = {D102E4EB-C294-4882-A8DD-C1FF74BE07F1}
		{83ADCDDF-A773-49F8-A6F0-F19CC61FCD25} = {0620BFCA-F6C8-4E00-8090-FD752F67EB29}
	EndGlobalSection
EndGlobal
